
Microsoft Visual Studio Solution File, Format Version 12.00
# Visual Studio Version 17
VisualStudioVersion = 17.4.33213.308
MinimumVisualStudioVersion = 10.0.40219.1
Project("{9A19103F-16F7-4668-BE54-9A1E7A4F7556}") = "Training", "Training\Training.csproj", "{415291B6-C7A2-4C25-B8C7-019C1B430DC0}"
EndProject
Project("{9A19103F-16F7-4668-BE54-9A1E7A4F7556}") = "TestTraining", "TestTraining\TestTraining.csproj", "{F6958781-240E-48C0-A758-1E5426E71CAD}"
EndProject
Global
	GlobalSection(SolutionConfigurationPlatforms) = preSolution
		Debug|Any CPU = Debug|Any CPU
		Release|Any CPU = Release|Any CPU
	EndGlobalSection
	GlobalSection(ProjectConfigurationPlatforms) = postSolution
		{415291B6-C7A2-4C25-B8C7-019C1B430DC0}.Debug|Any CPU.ActiveCfg = Debug|Any CPU
		{415291B6-C7A2-4C25-B8C7-019C1B430DC0}.Debug|Any CPU.Build.0 = Debug|Any CPU
		{415291B6-C7A2-4C25-B8C7-019C1B430DC0}.Release|Any CPU.ActiveCfg = Release|Any CPU
		{415291B6-C7A2-4C25-B8C7-019C1B430DC0}.Release|Any CPU.Build.0 = Release|Any CPU
		{F6958781-240E-48C0-A758-1E5426E71CAD}.Debug|Any CPU.ActiveCfg = Debug|Any CPU
		{F6958781-240E-48C0-A758-1E5426E71CAD}.Debug|Any CPU.Build.0 = Debug|Any CPU
		{F6958781-240E-48C0-A758-1E5426E71CAD}.Release|Any CPU.ActiveCfg = Release|Any CPU
		{F6958781-240E-48C0-A758-1E5426E71CAD}.Release|Any CPU.Build.0 = Release|Any CPU
	EndGlobalSection
	GlobalSection(SolutionProperties) = preSolution
		HideSolutionNode = FALSE
	EndGlobalSection
	GlobalSection(ExtensibilityGlobals) = postSolution
		SolutionGuid = {70B74A36-B04B-4941-B2E9-B6C559E61D73}
	EndGlobalSection
EndGlobal
